PODS:
  - CTMediator (46)
  - ManagerBook (0.1.3):
    - CTMediator

DEPENDENCIES:
  - ManagerBook (from `../`)

SPEC REPOS:
  trunk:
    - CTMediator

EXTERNAL SOURCES:
  ManagerBook:
    :path: "../"

SPEC CHECKSUMS:
  CTMediator: f1cf58d509fb3192086c367711f039efd769b907
  ManagerBook: edba8341fe49d3a587c9e22aad87876b30e3f730

PODFILE CHECKSUM: 0ce373fbc71f5aafe51f14bd055ca8655b5f2166

COCOAPODS: 1.10.1
